
Microsoft Visual Studio Solution File, Format Version 12.00
# Visual Studio 15
VisualStudioVersion = 15.0.26124.0
MinimumVisualStudioVersion = 15.0.26124.0
Project("{FAE04EC0-301F-11D3-BF4B-00C04F79EFBC}") = "Domain", "Domain\Domain.csproj", "{81C3421E-2210-42E8-855C-87979034028D}"
EndProject
Project("{FAE04EC0-301F-11D3-BF4B-00C04F79EFBC}") = "Application", "Application\Application.csproj", "{9AAE9CC8-7101-4BA3-91D2-83F3BCDEAA96}"
EndProject
Project("{FAE04EC0-301F-11D3-BF4B-00C04F79EFBC}") = "Persistence", "Persistence\Persistence.csproj", "{01F1E558-2EC7-4D3E-9DAB-DAC2F2B49D1C}"
EndProject
Project("{FAE04EC0-301F-11D3-BF4B-00C04F79EFBC}") = "API", "API\API.csproj", "{1D0A093D-47B3-44B1-91A1-5460409655E2}"
EndProject
Project("{FAE04EC0-301F-11D3-BF4B-00C04F79EFBC}") = "Infrastructure", "Infrastructure\Infrastructure.csproj", "{CEC39B12-FBD9-4D0B-A293-1A7864E0B625}"
EndProject
Global
	GlobalSection(SolutionConfigurationPlatforms) = preSolution
		Debug|Any CPU = Debug|Any CPU
		Debug|x64 = Debug|x64
		Debug|x86 = Debug|x86
		Release|Any CPU = Release|Any CPU
		Release|x64 = Release|x64
		Release|x86 = Release|x86
	EndGlobalSection
	GlobalSection(SolutionProperties) = preSolution
		HideSolutionNode = FALSE
	EndGlobalSection
	GlobalSection(ProjectConfigurationPlatforms) = postSolution
		{81C3421E-2210-42E8-855C-87979034028D}.Debug|Any CPU.ActiveCfg = Debug|Any CPU
		{81C3421E-2210-42E8-855C-87979034028D}.Debug|Any CPU.Build.0 = Debug|Any CPU
		{81C3421E-2210-42E8-855C-87979034028D}.Debug|x64.ActiveCfg = Debug|Any CPU
		{81C3421E-2210-42E8-855C-87979034028D}.Debug|x64.Build.0 = Debug|Any CPU
		{81C3421E-2210-42E8-855C-87979034028D}.Debug|x86.ActiveCfg = Debug|Any CPU
		{81C3421E-2210-42E8-855C-87979034028D}.Debug|x86.Build.0 = Debug|Any CPU
		{81C3421E-2210-42E8-855C-87979034028D}.Release|Any CPU.ActiveCfg = Release|Any CPU
		{81C3421E-2210-42E8-855C-87979034028D}.Release|Any CPU.Build.0 = Release|Any CPU
		{81C3421E-2210-42E8-855C-87979034028D}.Release|x64.ActiveCfg = Release|Any CPU
		{81C3421E-2210-42E8-855C-87979034028D}.Release|x64.Build.0 = Release|Any CPU
		{81C3421E-2210-42E8-855C-87979034028D}.Release|x86.ActiveCfg = Release|Any CPU
		{81C3421E-2210-42E8-855C-87979034028D}.Release|x86.Build.0 = Release|Any CPU
		{9AAE9CC8-7101-4BA3-91D2-83F3BCDEAA96}.Debug|Any CPU.ActiveCfg = Debug|Any CPU
		{9AAE9CC8-7101-4BA3-91D2-83F3BCDEAA96}.Debug|Any CPU.Build.0 = Debug|Any CPU
		{9AAE9CC8-7101-4BA3-91D2-83F3BCDEAA96}.Debug|x64.ActiveCfg = Debug|Any CPU
		{9AAE9CC8-7101-4BA3-91D2-83F3BCDEAA96}.Debug|x64.Build.0 = Debug|Any CPU
		{9AAE9CC8-7101-4BA3-91D2-83F3BCDEAA96}.Debug|x86.ActiveCfg = Debug|Any CPU
		{9AAE9CC8-7101-4BA3-91D2-83F3BCDEAA96}.Debug|x86.Build.0 = Debug|Any CPU
		{9AAE9CC8-7101-4BA3-91D2-83F3BCDEAA96}.Release|Any CPU.ActiveCfg = Release|Any CPU
		{9AAE9CC8-7101-4BA3-91D2-83F3BCDEAA96}.Release|Any CPU.Build.0 = Release|Any CPU
		{9AAE9CC8-7101-4BA3-91D2-83F3BCDEAA96}.Release|x64.ActiveCfg = Release|Any CPU
		{9AAE9CC8-7101-4BA3-91D2-83F3BCDEAA96}.Release|x64.Build.0 = Release|Any CPU
		{9AAE9CC8-7101-4BA3-91D2-83F3BCDEAA96}.Release|x86.ActiveCfg = Release|Any CPU
		{9AAE9CC8-7101-4BA3-91D2-83F3BCDEAA96}.Release|x86.Build.0 = Release|Any CPU
		{01F1E558-2EC7-4D3E-9DAB-DAC2F2B49D1C}.Debug|Any CPU.ActiveCfg = Debug|Any CPU
		{01F1E558-2EC7-4D3E-9DAB-DAC2F2B49D1C}.Debug|Any CPU.Build.0 = Debug|Any CPU
		{01F1E558-2EC7-4D3E-9DAB-DAC2F2B49D1C}.Debug|x64.ActiveCfg = Debug|Any CPU
		{01F1E558-2EC7-4D3E-9DAB-DAC2F2B49D1C}.Debug|x64.Build.0 = Debug|Any CPU
		{01F1E558-2EC7-4D3E-9DAB-DAC2F2B49D1C}.Debug|x86.ActiveCfg = Debug|Any CPU
		{01F1E558-2EC7-4D3E-9DAB-DAC2F2B49D1C}.Debug|x86.Build.0 = Debug|Any CPU
		{01F1E558-2EC7-4D3E-9DAB-DAC2F2B49D1C}.Release|Any CPU.ActiveCfg = Release|Any CPU
		{01F1E558-2EC7-4D3E-9DAB-DAC2F2B49D1C}.Release|Any CPU.Build.0 = Release|Any CPU
		{01F1E558-2EC7-4D3E-9DAB-DAC2F2B49D1C}.Release|x64.ActiveCfg = Release|Any CPU
		{01F1E558-2EC7-4D3E-9DAB-DAC2F2B49D1C}.Release|x64.Build.0 = Release|Any CPU
		{01F1E558-2EC7-4D3E-9DAB-DAC2F2B49D1C}.Release|x86.ActiveCfg = Release|Any CPU
		{01F1E558-2EC7-4D3E-9DAB-DAC2F2B49D1C}.Release|x86.Build.0 = Release|Any CPU
		{1D0A093D-47B3-44B1-91A1-5460409655E2}.Debug|Any CPU.ActiveCfg = Debug|Any CPU
		{1D0A093D-47B3-44B1-91A1-5460409655E2}.Debug|Any CPU.Build.0 = Debug|Any CPU
		{1D0A093D-47B3-44B1-91A1-5460409655E2}.Debug|x64.ActiveCfg = Debug|Any CPU
		{1D0A093D-47B3-44B1-91A1-5460409655E2}.Debug|x64.Build.0 = Debug|Any CPU
		{1D0A093D-47B3-44B1-91A1-5460409655E2}.Debug|x86.ActiveCfg = Debug|Any CPU
		{1D0A093D-47B3-44B1-91A1-5460409655E2}.Debug|x86.Build.0 = Debug|Any CPU
		{1D0A093D-47B3-44B1-91A1-5460409655E2}.Release|Any CPU.ActiveCfg = Release|Any CPU
		{1D0A093D-47B3-44B1-91A1-5460409655E2}.Release|Any CPU.Build.0 = Release|Any CPU
		{1D0A093D-47B3-44B1-91A1-5460409655E2}.Release|x64.ActiveCfg = Release|Any CPU
		{1D0A093D-47B3-44B1-91A1-5460409655E2}.Release|x64.Build.0 = Release|Any CPU
		{1D0A093D-47B3-44B1-91A1-5460409655E2}.Release|x86.ActiveCfg = Release|Any CPU
		{1D0A093D-47B3-44B1-91A1-5460409655E2}.Release|x86.Build.0 = Release|Any CPU
		{CEC39B12-FBD9-4D0B-A293-1A7864E0B625}.Debug|Any CPU.ActiveCfg = Debug|Any CPU
		{CEC39B12-FBD9-4D0B-A293-1A7864E0B625}.Debug|Any CPU.Build.0 = Debug|Any CPU
		{CEC39B12-FBD9-4D0B-A293-1A7864E0B625}.Debug|x64.ActiveCfg = Debug|Any CPU
		{CEC39B12-FBD9-4D0B-A293-1A7864E0B625}.Debug|x64.Build.0 = Debug|Any CPU
		{CEC39B12-FBD9-4D0B-A293-1A7864E0B625}.Debug|x86.ActiveCfg = Debug|Any CPU
		{CEC39B12-FBD9-4D0B-A293-1A7864E0B625}.Debug|x86.Build.0 = Debug|Any CPU
		{CEC39B12-FBD9-4D0B-A293-1A7864E0B625}.Release|Any CPU.ActiveCfg = Release|Any CPU
		{CEC39B12-FBD9-4D0B-A293-1A7864E0B625}.Release|Any CPU.Build.0 = Release|Any CPU
		{CEC39B12-FBD9-4D0B-A293-1A7864E0B625}.Release|x64.ActiveCfg = Release|Any CPU
		{CEC39B12-FBD9-4D0B-A293-1A7864E0B625}.Release|x64.Build.0 = Release|Any CPU
		{CEC39B12-FBD9-4D0B-A293-1A7864E0B625}.Release|x86.ActiveCfg = Release|Any CPU
		{CEC39B12-FBD9-4D0B-A293-1A7864E0B625}.Release|x86.Build.0 = Release|Any CPU
	EndGlobalSection
EndGlobal
